
Microsoft Visual Studio Solution File, Format Version 12.00
Project("{FAE04EC0-301F-11D3-BF4B-00C04F79EFBC}") = "token", "token\token.csproj", "{E63EA68B-7F99-4CA6-92E9-629412F35D8F}"
EndProject
Global
	GlobalSection(SolutionConfigurationPlatforms) = preSolution
		Debug|Any CPU = Debug|Any CPU
		Release|Any CPU = Release|Any CPU
	EndGlobalSection
	GlobalSection(ProjectConfigurationPlatforms) = postSolution
		{E63EA68B-7F99-4CA6-92E9-629412F35D8F}.Debug|Any CPU.ActiveCfg = Debug|Any CPU
		{E63EA68B-7F99-4CA6-92E9-629412F35D8F}.Debug|Any CPU.Build.0 = Debug|Any CPU
		{E63EA68B-7F99-4CA6-92E9-629412F35D8F}.Release|Any CPU.ActiveCfg = Release|Any CPU
		{E63EA68B-7F99-4CA6-92E9-629412F35D8F}.Release|Any CPU.Build.0 = Release|Any CPU
	EndGlobalSection
EndGlobal
